{
  "version": 4,
  "terraform_version": "0.12.2",
  "serial": 4,
  "lineage": "0aeca9f9-2ee7-e4fc-5b8e-236e07045df2",
  "outputs": {},
  "resources": [
    {
      "mode": "data",
      "type": "azurerm_client_config",
      "name": "current",
      "provider": "provider.azurerm",
      "instances": [
        {
          "schema_version": 0,
          "attributes": {
            "client_id": "f8161685-003b-4175-8059-ed16bbf4648b",
            "id": "2019-07-30 18:03:48.4922902 +0000 UTC",
            "service_principal_application_id": "f8161685-003b-4175-8059-ed16bbf4648b",
            "service_principal_object_id": "88ff23fd-1bc4-48e1-b29b-3f08d409dead",
            "subscription_id": "d02ef636-acef-4469-9595-213d78a3aef5",
            "tenant_id": "52598992-9850-44d9-a137-4825785d0dab"
          }
        }
      ]
    },
    {
      "mode": "data",
      "type": "azurerm_resource_group",
      "name": "orion",
      "provider": "provider.azurerm",
      "instances": [
        {
          "schema_version": 0,
          "attributes": {
            "id": "/subscriptions/d02ef636-acef-4469-9595-213d78a3aef5/resourceGroups/net-spoke-eastus-prod-monitoring",
            "location": "eastus",
            "name": "net-spoke-eastus-prod-monitoring",
            "tags": {}
          }
        }
      ]
    },
    {
      "mode": "data",
      "type": "azurerm_subnet",
      "name": "orion",
      "provider": "provider.azurerm",
      "instances": [
        {
          "schema_version": 0,
          "attributes": {
            "address_prefix": "10.4.4.0/24",
            "id": "/subscriptions/d02ef636-acef-4469-9595-213d78a3aef5/resourceGroups/net-spoke-eastus-prod-monitoring/providers/Microsoft.Network/virtualNetworks/vnet-eastus-prod-mon/subnets/orion",
            "ip_configurations": [
              "/subscriptions/d02ef636-acef-4469-9595-213d78a3aef5/resourceGroups/net-spoke-eastus-prod-automation/providers/Microsoft.Network/networkInterfaces/orion-lin-eastus676/ipConfigurations/ipconfig1",
              "/subscriptions/d02ef636-acef-4469-9595-213d78a3aef5/resourceGroups/net-spoke-eastus-prod-monitoring/providers/Microsoft.Network/networkInterfaces/orion607/ipConfigurations/ipconfig1"
            ],
            "name": "orion",
            "network_security_group_id": "",
            "resource_group_name": "net-spoke-eastus-prod-monitoring",
            "route_table_id": "/subscriptions/d02ef636-acef-4469-9595-213d78a3aef5/resourceGroups/net-spoke-eastus-prod-monitoring/providers/Microsoft.Network/routeTables/UDR-Default_Net-EastUS-Prod-Spoke",
            "service_endpoints": [
              "Microsoft.Sql"
            ],
            "virtual_network_name": "vnet-eastus-prod-mon"
          },
          "depends_on": [
            "data.azurerm_resource_group.orion",
            "data.azurerm_virtual_network.orion"
          ]
        }
      ]
    },
    {
      "mode": "data",
      "type": "azurerm_virtual_network",
      "name": "orion",
      "provider": "provider.azurerm",
      "instances": [
        {
          "schema_version": 0,
          "attributes": {
            "address_space": [
              "10.4.4.0/22"
            ],
            "address_spaces": [
              "10.4.4.0/22"
            ],
            "dns_servers": [],
            "id": "/subscriptions/d02ef636-acef-4469-9595-213d78a3aef5/resourceGroups/net-spoke-eastus-prod-monitoring/providers/Microsoft.Network/virtualNetworks/vnet-eastus-prod-mon",
            "name": "vnet-eastus-prod-mon",
            "resource_group_name": "net-spoke-eastus-prod-monitoring",
            "subnets": [
              "orion",
              "umbrella"
            ],
            "vnet_peerings": {
              "mon-t-tmp": "/subscriptions/d02ef636-acef-4469-9595-213d78a3aef5/resourceGroups/tmp-resources/providers/Microsoft.Network/virtualNetworks/tmp-network",
              "vnet-eastu-us-prod-core": "/subscriptions/8b7a2fff-0041-4290-8805-c85f04674e79/resourceGroups/Core-EastUS-Prod-Hub/providers/Microsoft.Network/virtualNetworks/Vnet-EastUS-Prod-Core",
              "vnet-westus-prod-mon": "/subscriptions/d02ef636-acef-4469-9595-213d78a3aef5/resourceGroups/net-spoke-westus-prod-monitoring/providers/Microsoft.Network/virtualNetworks/vnet-westus-prod-mon"
            }
          },
          "depends_on": [
            "data.azurerm_resource_group.orion"
          ]
        }
      ]
    },
    {
      "mode": "managed",
      "type": "azurerm_key_vault",
      "name": "orion",
      "provider": "provider.azurerm",
      "instances": [
        {
          "schema_version": 1,
          "attributes": {
            "access_policy": [
              {
                "application_id": "",
                "certificate_permissions": [
                  "create",
                  "delete",
                  "get",
                  "update",
                  "list"
                ],
                "key_permissions": [
                  "list"
                ],
                "object_id": "88ff23fd-1bc4-48e1-b29b-3f08d409dead",
                "secret_permissions": [
                  "list"
                ],
                "storage_permissions": null,
                "tenant_id": "52598992-9850-44d9-a137-4825785d0dab"
              }
            ],
            "enabled_for_deployment": true,
            "enabled_for_disk_encryption": false,
            "enabled_for_template_deployment": true,
            "id": "/subscriptions/d02ef636-acef-4469-9595-213d78a3aef5/resourceGroups/net-spoke-eastus-prod-monitoring/providers/Microsoft.KeyVault/vaults/orion-kvt-a360-net-spoke",
            "location": "eastus",
            "name": "orion-kvt-a360-net-spoke",
            "network_acls": [],
            "resource_group_name": "net-spoke-eastus-prod-monitoring",
            "sku": [
              {
                "name": "standard"
              }
            ],
            "sku_name": "standard",
            "tags": {},
            "tenant_id": "52598992-9850-44d9-a137-4825785d0dab",
            "vault_uri": "https://orion-kvt-a360-net-spoke.vault.azure.net/"
          },
          "private": "eyJzY2hlbWFfdmVyc2lvbiI6IjEifQ==",
          "depends_on": [
            "data.azurerm_client_config.current",
            "data.azurerm_resource_group.orion"
          ]
        }
      ]
    },
    {
      "mode": "managed",
      "type": "azurerm_key_vault_certificate",
      "name": "orion",
      "provider": "provider.azurerm",
      "instances": [
        {
          "schema_version": 0,
          "attributes": {
            "certificate": [],
            "certificate_data": "0\ufffd\u0003\"0\ufffd\u0002\n\ufffd\u0003\u0002\u0001\u0002\u0002\u0010Tq\ufffd\u003c\ufffdjKT\ufffd`\ufffd~\ufffd\u001d}\ufffd0\r\u0006\t*\ufffdH\ufffd\ufffd\r\u0001\u0001\u000b\u0005\u00000\u00131\u00110\u000f\u0006\u0003U\u0004\u0003\u0013\u0008orion-vm0\u001e\u0017\r190730175654Z\u0017\r200730180654Z0\u00131\u00110\u000f\u0006\u0003U\u0004\u0003\u0013\u0008orion-vm0\ufffd\u0001\"0\r\u0006\t*\ufffdH\ufffd\ufffd\r\u0001\u0001\u0001\u0005\u0000\u0003\ufffd\u0001\u000f\u00000\ufffd\u0001\n\u0002\ufffd\u0001\u0001\u0000\ufffd\ufffda\ufffd2\ufffd99\u001f0\ufffdpN\ufffd\ufffdv\u000ed\ufffd\u0015a\ufffd\ufffd\ufffd\ufffd\ufffd\u000ez\ufffd\ufffddv^Z\u0006R`\ufffd\ufffdi |A\ufffd\ufffdɴ\ufffd\ufffd\ufffd\ufffdͭD+\ufffd9\ufffd܋\ufffd\ufffd(?C\ufffd\u0026%!\u0014\ufffd=Ź\ufffd\u0000B\ufffd\ufffd\ufffd\ufffd\ufffdA\ufffd\ufffdpq\r\ufffd\ufffd]%mT \ufffd.\ufffd\u0012d\u000fk\ufffdr\ufffd\u000bU\ufffd.\u0019\ufffd\ufffd\ufffd\ufffd\ufffd\ufffd\u0018.\ufffd\ufffd\ufffd\u0007x\ufffd\u0017T\ufffd\ufffdn\ufffd\ufffdl\ufffd\ufffd/6\t;\ufffdv\ufffd68eQ\ufffdqyTP\\\ufffd\u001b\ufffdf\ufffd$\u0006+\u000e\u001f\u0005\u0019s\ufffd\u0013\ufffdf;\ufffd\ufffd\u0003_\ufffd\ufffd\ufffd\ufffd:\u0012_\ufffdu\ufffd\u0008\ufffd.,\ufffd\ufffd\ufffd\ufffd\ufffd\ufffd\ufffd\ufffdk*\ufffd^ǶR\u0005\n\ufffd|\ufffd0#\ufffdȒ\ufffd\"\u001c錗\ufffd\nhm\u0003\u0006\"\ufffd\u0004o\ufffd*\ufffd\u0000\u000bf\ufffd\ufffd]d\ufffd\ufffd\ufffd%\ufffd\ufffd\ufffdα\ufffdW\u0007\ufffdhOQ\u001b\u0013\u0002\u0003\u0001\u0000\u0001\ufffdr0p0\u000e\u0006\u0003U\u001d\u000f\u0001\u0001\ufffd\u0004\u0004\u0003\u0002\u0001\ufffd0\t\u0006\u0003U\u001d\u0013\u0004\u00020\u00000\u0013\u0006\u0003U\u001d%\u0004\u000c0\n\u0006\u0008+\u0006\u0001\u0005\u0005\u0007\u0003\u00010\u001f\u0006\u0003U\u001d#\u0004\u00180\u0016\ufffd\u0014\ufffd\ufffdA\ufffdI\ufffd\u001d[l\ufffdr\u0002yEE\ufffd\ufffdB۹0\u001d\u0006\u0003U\u001d\u000e\u0004\u0016\u0004\u0014\ufffd\ufffdA\ufffdI\ufffd\u001d[l\ufffdr\u0002yEE\ufffd\ufffdB۹0\r\u0006\t*\ufffdH\ufffd\ufffd\r\u0001\u0001\u000b\u0005\u0000\u0003\ufffd\u0001\u0001\u00002G\u00151\ufffd\ufffd\u0010\ufffd\ufffdÍAz\ufffd\u0018\ufffdE͊\u001b) \u003e\u0017\ufffdT9\u0019\ufffd\ufffd\u001e\u000b\ufffd*\u0011\ufffd\ufffdh\ufffdt\ufffd\ufffd\ufffd\ufffd\ufffdX\u001b\ufffd\ufffd\ufffdqO\ufffd\u003e\ufffd(\ufffd\ufffd\ufffd7\ufffd\ufffd\ufffd5[\ufffd\u003cs\ufffdX\ufffd\u0026\ufffd^\ufffd\ufffd=\\фY\u0011\"\ufffd g:\ufffd5\n\u0015=\ufffd? \ufffd\ufffd\u000b\ufffd\ufffd\ufffd\u003e\ufffd12\u003eQ\r\u0026\ufffdd\u0004\ufffdX\ufffd\u0015\ufffd\ufffd\ufffd\ufffd\ufffd~\ufffd\ufffdɧ;\ufffd+\u000c\ufffd:;\ufffd\u0003\u000e \ufffd\ufffd\ufffdK\u0005̷\\R\ufffd\ufffd\ufffd-t\u0011\u0018\ufffd\ufffd\ufffd\ufffd\ufffd\ufffdW\ufffdL3kM\u000e'd{\ufffd\ufffdֈ\ufffd\u0003zǊZBk#\t\u003e\ufffd8:\ufffd\ufffd!\u0001\ufffd\ufffdv7\ufffd\u0012\ufffd\ufffd\ufffd\ufffdVq=*t˚tu\u0002*\u0016\ufffd4I[\t;d\ufffd໇`\ufffd\ufffd\ufffd\u0003\ufffd\ufffd\ufffdn?\ufffd\u0003!\u0019.H\ufffdw\ufffd\ufffd\ufffd\ufffd\u0003\u001d}+\u00175\ufffd",
            "certificate_policy": [
              {
                "issuer_parameters": [
                  {
                    "name": "Self"
                  }
                ],
                "key_properties": [
                  {
                    "exportable": true,
                    "key_size": 2048,
                    "key_type": "RSA",
                    "reuse_key": true
                  }
                ],
                "lifetime_action": [
                  {
                    "action": [
                      {
                        "action_type": "AutoRenew"
                      }
                    ],
                    "trigger": [
                      {
                        "days_before_expiry": 30,
                        "lifetime_percentage": 0
                      }
                    ]
                  }
                ],
                "secret_properties": [
                  {
                    "content_type": "application/x-pkcs12"
                  }
                ],
                "x509_certificate_properties": [
                  {
                    "extended_key_usage": [
                      "1.3.6.1.5.5.7.3.1"
                    ],
                    "key_usage": [
                      "cRLSign",
                      "dataEncipherment",
                      "digitalSignature",
                      "keyAgreement",
                      "keyCertSign",
                      "keyEncipherment"
                    ],
                    "subject": "CN=orion-vm",
                    "subject_alternative_names": [
                      {
                        "dns_names": [],
                        "emails": [],
                        "upns": []
                      }
                    ],
                    "validity_in_months": 12
                  }
                ]
              }
            ],
            "id": "https://orion-kvt-a360-net-spoke.vault.azure.net/certificates/orion-vm-cert/285698912ee94994a22eb15831ab0ad5",
            "key_vault_id": "/subscriptions/d02ef636-acef-4469-9595-213d78a3aef5/resourceGroups/net-spoke-eastus-prod-monitoring/providers/Microsoft.KeyVault/vaults/orion-kvt-a360-net-spoke",
            "name": "orion-vm-cert",
            "secret_id": "https://orion-kvt-a360-net-spoke.vault.azure.net/secrets/orion-vm-cert/285698912ee94994a22eb15831ab0ad5",
            "tags": {},
            "thumbprint": "4A34E0A141A353F2DC040DD29DBA0DA631A94CCC",
            "vault_uri": "https://orion-kvt-a360-net-spoke.vault.azure.net/",
            "version": "285698912ee94994a22eb15831ab0ad5"
          },
          "private": "bnVsbA==",
          "depends_on": [
            "azurerm_key_vault.orion"
          ]
        }
      ]
    },
    {
      "mode": "managed",
      "type": "azurerm_virtual_machine",
      "name": "example",
      "provider": "provider.azurerm",
      "instances": []
    }
  ]
}
