{
  "version": 4,
  "terraform_version": "0.12.2",
  "serial": 33,
  "lineage": "0aeca9f9-2ee7-e4fc-5b8e-236e07045df2",
  "outputs": {},
  "resources": [
    {
      "mode": "data",
      "type": "azurerm_client_config",
      "name": "current",
      "provider": "provider.azurerm",
      "instances": [
        {
          "schema_version": 0,
          "attributes": {
            "client_id": "f8161685-003b-4175-8059-ed16bbf4648b",
            "id": "2019-07-30 20:14:41.5300532 +0000 UTC",
            "service_principal_application_id": "f8161685-003b-4175-8059-ed16bbf4648b",
            "service_principal_object_id": "88ff23fd-1bc4-48e1-b29b-3f08d409dead",
            "subscription_id": "d02ef636-acef-4469-9595-213d78a3aef5",
            "tenant_id": "52598992-9850-44d9-a137-4825785d0dab"
          }
        }
      ]
    },
    {
      "mode": "data",
      "type": "azurerm_key_vault",
      "name": "orion",
      "provider": "provider.azurerm",
      "instances": [
        {
          "schema_version": 0,
          "attributes": {
            "access_policy": [
              {
                "application_id": "",
                "certificate_permissions": [
                  "Get",
                  "Update",
                  "Delete",
                  "Create"
                ],
                "key_permissions": [],
                "object_id": "88ff23fd-1bc4-48e1-b29b-3f08d409dead",
                "secret_permissions": [],
                "storage_permissions": [],
                "tenant_id": "52598992-9850-44d9-a137-4825785d0dab"
              },
              {
                "application_id": "",
                "certificate_permissions": [
                  "Get",
                  "List",
                  "Update",
                  "Create",
                  "Import",
                  "Delete",
                  "Recover",
                  "Backup",
                  "Restore",
                  "ManageContacts",
                  "ManageIssuers",
                  "GetIssuers",
                  "ListIssuers",
                  "SetIssuers",
                  "DeleteIssuers"
                ],
                "key_permissions": [
                  "Get",
                  "List",
                  "Update",
                  "Create",
                  "Import",
                  "Delete",
                  "Recover",
                  "Backup",
                  "Restore"
                ],
                "object_id": "5a00e05e-1314-4904-b1f7-a527545239aa",
                "secret_permissions": [
                  "Get",
                  "List",
                  "Set",
                  "Delete",
                  "Recover",
                  "Backup",
                  "Restore"
                ],
                "storage_permissions": [],
                "tenant_id": "52598992-9850-44d9-a137-4825785d0dab"
              }
            ],
            "enabled_for_deployment": true,
            "enabled_for_disk_encryption": false,
            "enabled_for_template_deployment": true,
            "id": "/subscriptions/d02ef636-acef-4469-9595-213d78a3aef5/resourceGroups/net-spoke-eastus-prod-automation/providers/Microsoft.KeyVault/vaults/kvt-a360-net-east-spoke",
            "location": "eastus",
            "name": "kvt-a360-net-east-spoke",
            "network_acls": [],
            "resource_group_name": "net-spoke-eastus-prod-automation",
            "sku": [
              {
                "name": "Standard"
              }
            ],
            "sku_name": "Standard",
            "tags": {},
            "tenant_id": "52598992-9850-44d9-a137-4825785d0dab",
            "vault_uri": "https://kvt-a360-net-east-spoke.vault.azure.net/"
          }
        }
      ]
    },
    {
      "mode": "data",
      "type": "azurerm_resource_group",
      "name": "orion",
      "provider": "provider.azurerm",
      "instances": [
        {
          "schema_version": 0,
          "attributes": {
            "id": "/subscriptions/d02ef636-acef-4469-9595-213d78a3aef5/resourceGroups/net-spoke-eastus-prod-monitoring",
            "location": "eastus",
            "name": "net-spoke-eastus-prod-monitoring",
            "tags": {}
          }
        }
      ]
    },
    {
      "mode": "data",
      "type": "azurerm_subnet",
      "name": "orion",
      "provider": "provider.azurerm",
      "instances": [
        {
          "schema_version": 0,
          "attributes": {
            "address_prefix": "10.4.4.0/24",
            "id": "/subscriptions/d02ef636-acef-4469-9595-213d78a3aef5/resourceGroups/net-spoke-eastus-prod-monitoring/providers/Microsoft.Network/virtualNetworks/vnet-eastus-prod-mon/subnets/orion",
            "ip_configurations": [
              "/subscriptions/d02ef636-acef-4469-9595-213d78a3aef5/resourceGroups/net-spoke-eastus-prod-automation/providers/Microsoft.Network/networkInterfaces/orion-lin-eastus676/ipConfigurations/ipconfig1",
              "/subscriptions/d02ef636-acef-4469-9595-213d78a3aef5/resourceGroups/net-spoke-eastus-prod-monitoring/providers/Microsoft.Network/networkInterfaces/orion-nic/ipConfigurations/configuration",
              "/subscriptions/d02ef636-acef-4469-9595-213d78a3aef5/resourceGroups/net-spoke-eastus-prod-monitoring/providers/Microsoft.Network/networkInterfaces/orion607/ipConfigurations/ipconfig1"
            ],
            "name": "orion",
            "network_security_group_id": "",
            "resource_group_name": "net-spoke-eastus-prod-monitoring",
            "route_table_id": "/subscriptions/d02ef636-acef-4469-9595-213d78a3aef5/resourceGroups/net-spoke-eastus-prod-monitoring/providers/Microsoft.Network/routeTables/UDR-Default_Net-EastUS-Prod-Spoke",
            "service_endpoints": [
              "Microsoft.Sql"
            ],
            "virtual_network_name": "vnet-eastus-prod-mon"
          },
          "depends_on": [
            "data.azurerm_resource_group.orion",
            "data.azurerm_virtual_network.orion"
          ]
        }
      ]
    },
    {
      "mode": "data",
      "type": "azurerm_virtual_network",
      "name": "orion",
      "provider": "provider.azurerm",
      "instances": [
        {
          "schema_version": 0,
          "attributes": {
            "address_space": [
              "10.4.4.0/22"
            ],
            "address_spaces": [
              "10.4.4.0/22"
            ],
            "dns_servers": [],
            "id": "/subscriptions/d02ef636-acef-4469-9595-213d78a3aef5/resourceGroups/net-spoke-eastus-prod-monitoring/providers/Microsoft.Network/virtualNetworks/vnet-eastus-prod-mon",
            "name": "vnet-eastus-prod-mon",
            "resource_group_name": "net-spoke-eastus-prod-monitoring",
            "subnets": [
              "orion",
              "umbrella"
            ],
            "vnet_peerings": {
              "mon-t-tmp": "/subscriptions/d02ef636-acef-4469-9595-213d78a3aef5/resourceGroups/tmp-resources/providers/Microsoft.Network/virtualNetworks/tmp-network",
              "vnet-eastu-us-prod-core": "/subscriptions/8b7a2fff-0041-4290-8805-c85f04674e79/resourceGroups/Core-EastUS-Prod-Hub/providers/Microsoft.Network/virtualNetworks/Vnet-EastUS-Prod-Core",
              "vnet-westus-prod-mon": "/subscriptions/d02ef636-acef-4469-9595-213d78a3aef5/resourceGroups/net-spoke-westus-prod-monitoring/providers/Microsoft.Network/virtualNetworks/vnet-westus-prod-mon"
            }
          },
          "depends_on": [
            "data.azurerm_resource_group.orion"
          ]
        }
      ]
    },
    {
      "mode": "managed",
      "type": "azurerm_network_interface",
      "name": "orion",
      "provider": "provider.azurerm",
      "instances": [
        {
          "schema_version": 0,
          "attributes": {
            "applied_dns_servers": [],
            "dns_servers": [],
            "enable_accelerated_networking": false,
            "enable_ip_forwarding": false,
            "id": "/subscriptions/d02ef636-acef-4469-9595-213d78a3aef5/resourceGroups/net-spoke-eastus-prod-monitoring/providers/Microsoft.Network/networkInterfaces/orion-nic",
            "internal_dns_name_label": "",
            "internal_fqdn": "",
            "ip_configuration": [
              {
                "application_gateway_backend_address_pools_ids": [],
                "application_security_group_ids": [],
                "load_balancer_backend_address_pools_ids": [],
                "load_balancer_inbound_nat_rules_ids": [],
                "name": "configuration",
                "primary": true,
                "private_ip_address": "10.4.4.14",
                "private_ip_address_allocation": "static",
                "private_ip_address_version": "IPv4",
                "public_ip_address_id": "",
                "subnet_id": "/subscriptions/d02ef636-acef-4469-9595-213d78a3aef5/resourceGroups/net-spoke-eastus-prod-monitoring/providers/Microsoft.Network/virtualNetworks/vnet-eastus-prod-mon/subnets/orion"
              }
            ],
            "location": "eastus",
            "mac_address": "",
            "name": "orion-nic",
            "network_security_group_id": "",
            "private_ip_address": "10.4.4.14",
            "private_ip_addresses": [
              "10.4.4.14"
            ],
            "resource_group_name": "net-spoke-eastus-prod-monitoring",
            "tags": {},
            "virtual_machine_id": null
          },
          "depends_on": [
            "data.azurerm_resource_group.orion",
            "data.azurerm_subnet.orion"
          ]
        }
      ]
    }
  ]
}
